# This file was autogenerated by Stack.
# You should not edit this file by hand.
# For more information, please see the documentation at:
#   https://docs.haskellstack.org/en/stable/lock_files

packages:
- completed:
    hackage: control-0.1.1.0@sha256:f1109598851c73166824cc58b167481c523682d797184b574df162085d5b0065,1870
    pantry-tree:
      size: 339
      sha256: e708bbce655085f2481109ad9d4bb4fd1368e9e0b8222233cfd9b6bd9bf36952
  original:
    hackage: control-0.1.1.0@sha256:f1109598851c73166824cc58b167481c523682d797184b574df162085d5b0065
- completed:
    hackage: basic-0.1.0.0@sha256:5394a85e04f5624ce123a38f0183e49125848f28fbfc683d4432e8b22664befd,1785
    pantry-tree:
      size: 249
      sha256: db0d023119cf1982b6b98404d6d157b49842058dc07cd45db4b77bbb70f673d1
  original:
    hackage: basic-0.1.0.0@sha256:5394a85e04f5624ce123a38f0183e49125848f28fbfc683d4432e8b22664befd
- completed:
    hackage: template-0.2.0.10@sha256:f822de4d34c45bc84b33a61bc112c15fedee6fa6dc414c62b10456395a868f85,987
    pantry-tree:
      size: 339
      sha256: e9829c39501915bc47fda35069207b7a839f9fb929b81946e151e0dda8a7fda1
  original:
    hackage: template-0.2.0.10@sha256:f822de4d34c45bc84b33a61bc112c15fedee6fa6dc414c62b10456395a868f85
snapshots:
- completed:
    size: 532379
    url: https://raw.githubusercontent.com/commercialhaskell/stackage-snapshots/master/lts/16/8.yaml
    sha256: 2ad3210d2ad35f3176005d68369a18e4d984517bfaa2caade76f28ed0b2e0521
  original: lts-16.8
